// !$*UTF8*$!
{
	archiveVersion = 1;
	classes = {
	};
	objectVersion = 46;
	objects = {

/* Begin PBXBuildFile section */
		FA8EEDBD1D9165360066B52A /* AppDelegate.swift in Sources */ = {isa = PBXBuildFile; fileRef = FA8EEDBC1D9165360066B52A /* AppDelegate.swift */; };
		FA8EEDBF1D9165370066B52A /* ViewController.swift in Sources */ = {isa = PBXBuildFile; fileRef = FA8EEDBE1D9165370066B52A /* ViewController.swift */; };
		FA8EEDC21D9165370066B52A /* Main.storyboard in Resources */ = {isa = PBXBuildFile; fileRef = FA8EEDC01D9165370066B52A /* Main.storyboard */; };
		FA8EEDC51D9165370066B52A /* WebViewCallBack.xcdatamodeld in Sources */ = {isa = PBXBuildFile; fileRef = FA8EEDC31D9165370066B52A /* WebViewCallBack.xcdatamodeld */; };
		FA8EEDC71D9165370066B52A /* Assets.xcassets in Resources */ = {isa = PBXBuildFile; fileRef = FA8EEDC61D9165370066B52A /* Assets.xcassets */; };
		FA8EEDCA1D9165370066B52A /* LaunchScreen.storyboard in Resources */ = {isa = PBXBuildFile; fileRef = FA8EEDC81D9165370066B52A /* LaunchScreen.storyboard */; };
/* End PBXBuildFile section */

/* Begin PBXFileReference section */
		FA8EEDB91D9165360066B52A /* WebViewCallBack.app */ = {isa = PBXFileReference; explicitFileType = wrapper.application; includeInIndex = 0; path = WebViewCallBack.app; sourceTree = BUILT_PRODUCTS_DIR; };
		FA8EEDBC1D9165360066B52A /* AppDelegate.swift */ = {isa = PBXFileReference; lastKnownFileType = sourcecode.swift; path = AppDelegate.swift; sourceTree = "<group>"; };
		FA8EEDBE1D9165370066B52A /* ViewController.swift */ = {isa = PBXFileReference; lastKnownFileType = sourcecode.swift; path = ViewController.swift; sourceTree = "<group>"; };
		FA8EEDC11D9165370066B52A /* Base */ = {isa = PBXFileReference; lastKnownFileType = file.storyboard; name = Base; path = Base.lproj/Main.storyboard; sourceTree = "<group>"; };
		FA8EEDC41D9165370066B52A /* WebViewCallBack.xcdatamodel */ = {isa = PBXFileReference; lastKnownFileType = wrapper.xcdatamodel; path = WebViewCallBack.xcdatamodel; sourceTree = "<group>"; };
		FA8EEDC61D9165370066B52A /* Assets.xcassets */ = {isa = PBXFileReference; lastKnownFileType = folder.assetcatalog; path = Assets.xcassets; sourceTree = "<group>"; };
		FA8EEDC91D9165370066B52A /* Base */ = {isa = PBXFileReference; lastKnownFileType = file.storyboard; name = Base; path = Base.lproj/LaunchScreen.storyboard; sourceTree = "<group>"; };
		FA8EEDCB1D9165370066B52A /* Info.plist */ = {isa = PBXFileReference; lastKnownFileType = text.plist.xml; path = Info.plist; sourceTree = "<group>"; };
/* End PBXFileReference section */

/* Begin PBXFrameworksBuildPhase section */
		FA8EEDB61D9165360066B52A /* Frameworks */ = {
			isa = PBXFrameworksBuildPhase;
			buildActionMask = 2147483647;
			files = (
			);
			runOnlyForDeploymentPostprocessing = 0;
		};
/* End PBXFrameworksBuildPhase section */

/* Begin PBXGroup section */
		FA8EEDB01D9165360066B52A = {
			isa = PBXGroup;
			children = (
				FA8EEDBB1D9165360066B52A /* WebViewCallBack */,
				FA8EEDBA1D9165360066B52A /* Products */,
			);
			sourceTree = "<group>";
		};
		FA8EEDBA1D9165360066B52A /* Products */ = {
			isa = PBXGroup;
			children = (
				FA8EEDB91D9165360066B52A /* WebViewCallBack.app */,
			);
			name = Products;
			sourceTree = "<group>";
		};
		FA8EEDBB1D9165360066B52A /* WebViewCallBack */ = {
			isa = PBXGroup;
			children = (
				FA8EEDBC1D9165360066B52A /* AppDelegate.swift */,
				FA8EEDBE1D9165370066B52A /* ViewController.swift */,
				FA8EEDC01D9165370066B52A /* Main.storyboard */,
				FA8EEDC61D9165370066B52A /* Assets.xcassets */,
				FA8EEDC81D9165370066B52A /* LaunchScreen.storyboard */,
				FA8EEDCB1D9165370066B52A /* Info.plist */,
				FA8EEDC31D9165370066B52A /* WebViewCallBack.xcdatamodeld */,
			);
			path = WebViewCallBack;
			sourceTree = "<group>";
		};
/* End PBXGroup section */

/* Begin PBXNativeTarget section */
		FA8EEDB81D9165360066B52A /* WebViewCallBack */ = {
			isa = PBXNativeTarget;
			buildConfigurationList = FA8EEDCE1D9165370066B52A /* Build configuration list for PBXNativeTarget "WebViewCallBack" */;
			buildPhases = (
				FA8EEDB51D9165360066B52A /* Sources */,
				FA8EEDB61D9165360066B52A /* Frameworks */,
				FA8EEDB71D9165360066B52A /* Resources */,
			);
			buildRules = (
			);
			dependencies = (
			);
			name = WebViewCallBack;
			productName = WebViewCallBack;
			productReference = FA8EEDB91D9165360066B52A /* WebViewCallBack.app */;
			productType = "com.apple.product-type.application";
		};
/* End PBXNativeTarget section */

/* Begin PBXProject section */
		FA8EEDB11D9165360066B52A /* Project object */ = {
			isa = PBXProject;
			attributes = {
				LastSwiftUpdateCheck = 0730;
				LastUpgradeCheck = 0730;
				ORGANIZATIONNAME = "O-mkar";
				TargetAttributes = {
					FA8EEDB81D9165360066B52A = {
						CreatedOnToolsVersion = 7.3.1;
					};
				};
			};
			buildConfigurationList = FA8EEDB41D9165360066B52A /* Build configuration list for PBXProject "WebViewCallBack" */;
			compatibilityVersion = "Xcode 3.2";
			developmentRegion = English;
			hasScannedForEncodings = 0;
			knownRegions = (
				en,
				Base,
			);
			mainGroup = FA8EEDB01D9165360066B52A;
			productRefGroup = FA8EEDBA1D9165360066B52A /* Products */;
			projectDirPath = "";
			projectRoot = "";
			targets = (
				FA8EEDB81D9165360066B52A /* WebViewCallBack */,
			);
		};
/* End PBXProject section */

/* Begin PBXResourcesBuildPhase section */
		FA8EEDB71D9165360066B52A /* Resources */ = {
			isa = PBXResourcesBuildPhase;
			buildActionMask = 2147483647;
			files = (
				FA8EEDCA1D9165370066B52A /* LaunchScreen.storyboard in Resources */,
				FA8EEDC71D9165370066B52A /* Assets.xcassets in Resources */,
				FA8EEDC21D9165370066B52A /* Main.storyboard in Resources */,
			);
			runOnlyForDeploymentPostprocessing = 0;
		};
/* End PBXResourcesBuildPhase section */

/* Begin PBXSourcesBuildPhase section */
		FA8EEDB51D9165360066B52A /* Sources */ = {
			isa = PBXSourcesBuildPhase;
			buildActionMask = 2147483647;
			files = (
				FA8EEDC51D9165370066B52A /* WebViewCallBack.xcdatamodeld in Sources */,
				FA8EEDBF1D9165370066B52A /* ViewController.swift in Sources */,
				FA8EEDBD1D9165360066B52A /* AppDelegate.swift in Sources */,
			);
			runOnlyForDeploymentPostprocessing = 0;
		};
/* End PBXSourcesBuildPhase section */

/* Begin PBXVariantGroup section */
		FA8EEDC01D9165370066B52A /* Main.storyboard */ = {
			isa = PBXVariantGroup;
			children = (
				FA8EEDC11D9165370066B52A /* Base */,
			);
			name = Main.storyboard;
			sourceTree = "<group>";
		};
		FA8EEDC81D9165370066B52A /* LaunchScreen.storyboard */ = {
			isa = PBXVariantGroup;
			children = (
				FA8EEDC91D9165370066B52A /* Base */,
			);
			name = LaunchScreen.storyboard;
			sourceTree = "<group>";
		};
/* End PBXVariantGroup section */

/* Begin XCBuildConfiguration section */
		FA8EEDCC1D9165370066B52A /* Debug */ = {
			isa = XCBuildConfiguration;
			buildSettings = {
				ALWAYS_SEARCH_USER_PATHS = NO;
				CLANG_ANALYZER_NONNULL = YES;
				CLANG_CXX_LANGUAGE_STANDARD = "gnu++0x";
				CLANG_CXX_LIBRARY = "libc++";
				CLANG_ENABLE_MODULES = YES;
				CLANG_ENABLE_OBJC_ARC = YES;
				CLANG_WARN_BOOL_CONVERSION = YES;
				CLANG_WARN_CONSTANT_CONVERSION = YES;
				CLANG_WARN_DIRECT_OBJC_ISA_USAGE = YES_ERROR;
				CLANG_WARN_EMPTY_BODY = YES;
				CLANG_WARN_ENUM_CONVERSION = YES;
				CLANG_WARN_INT_CONVERSION = YES;
				CLANG_WARN_OBJC_ROOT_CLASS = YES_ERROR;
				CLANG_WARN_UNREACHABLE_CODE = YES;
				CLANG_WARN__DUPLICATE_METHOD_MATCH = YES;
				"CODE_SIGN_IDENTITY[sdk=iphoneos*]" = "iPhone Developer";
				COPY_PHASE_STRIP = NO;
				DEBUG_INFORMATION_FORMAT = dwarf;
				ENABLE_STRICT_OBJC_MSGSEND = YES;
				ENABLE_TESTABILITY = YES;
				GCC_C_LANGUAGE_STANDARD = gnu99;
				GCC_DYNAMIC_NO_PIC = NO;
				GCC_NO_COMMON_BLOCKS = YES;
				GCC_OPTIMIZATION_LEVEL = 0;
				GCC_PREPROCESSOR_DEFINITIONS = (
					"DEBUG=1",
					"$(inherited)",
				);
				GCC_WARN_64_TO_32_BIT_CONVERSION = YES;
				GCC_WARN_ABOUT_RETURN_TYPE = YES_ERROR;
				GCC_WARN_UNDECLARED_SELECTOR = YES;
				GCC_WARN_UNINITIALIZED_AUTOS = YES_AGGRESSIVE;
				GCC_WARN_UNUSED_FUNCTION = YES;
				GCC_WARN_UNUSED_VARIABLE = YES;
				IPHONEOS_DEPLOYMENT_TARGET = 9.3;
				MTL_ENABLE_DEBUG_INFO = YES;
				ONLY_ACTIVE_ARCH = YES;
				SDKROOT = iphoneos;
				SWIFT_OPTIMIZATION_LEVEL = "-Onone";
			};
			name = Debug;
		};
		FA8EEDCD1D9165370066B52A /* Release */ = {
			isa = XCBuildConfiguration;
			buildSettings = {
				ALWAYS_SEARCH_USER_PATHS = NO;
				CLANG_ANALYZER_NONNULL = YES;
				CLANG_CXX_LANGUAGE_STANDARD = "gnu++0x";
				CLANG_CXX_LIBRARY = "libc++";
				CLANG_ENABLE_MODULES = YES;
				CLANG_ENABLE_OBJC_ARC = YES;
				CLANG_WARN_BOOL_CONVERSION = YES;
				CLANG_WARN_CONSTANT_CONVERSION = YES;
				CLANG_WARN_DIRECT_OBJC_ISA_USAGE = YES_ERROR;
				CLANG_WARN_EMPTY_BODY = YES;
				CLANG_WARN_ENUM_CONVERSION = YES;
				CLANG_WARN_INT_CONVERSION = YES;
				CLANG_WARN_OBJC_ROOT_CLASS = YES_ERROR;
				CLANG_WARN_UNREACHABLE_CODE = YES;
				CLANG_WARN__DUPLICATE_METHOD_MATCH = YES;
				"CODE_SIGN_IDENTITY[sdk=iphoneos*]" = "iPhone Developer";
				COPY_PHASE_STRIP = NO;
				DEBUG_INFORMATION_FORMAT = "dwarf-with-dsym";
				ENABLE_NS_ASSERTIONS = NO;
				ENABLE_STRICT_OBJC_MSGSEND = YES;
				GCC_C_LANGUAGE_STANDARD = gnu99;
				GCC_NO_COMMON_BLOCKS = YES;
				GCC_WARN_64_TO_32_BIT_CONVERSION = YES;
				GCC_WARN_ABOUT_RETURN_TYPE = YES_ERROR;
				GCC_WARN_UNDECLARED_SELECTOR = YES;
				GCC_WARN_UNINITIALIZED_AUTOS = YES_AGGRESSIVE;
				GCC_WARN_UNUSED_FUNCTION = YES;
				GCC_WARN_UNUSED_VARIABLE = YES;
				IPHONEOS_DEPLOYMENT_TARGET = 9.3;
				MTL_ENABLE_DEBUG_INFO = NO;
				SDKROOT = iphoneos;
				VALIDATE_PRODUCT = YES;
			};
			name = Release;
		};
		FA8EEDCF1D9165370066B52A /* Debug */ = {
			isa = XCBuildConfiguration;
			buildSettings = {
				ASSETCATALOG_COMPILER_APPICON_NAME = AppIcon;
				INFOPLIST_FILE = WebViewCallBack/Info.plist;
				LD_RUNPATH_SEARCH_PATHS = "$(inherited) @executable_path/Frameworks";
				PRODUCT_BUNDLE_IDENTIFIER = "O-mkar.com.WebViewCallBack";
				PRODUCT_NAME = "$(TARGET_NAME)";
			};
			name = Debug;
		};
		FA8EEDD01D9165370066B52A /* Release */ = {
			isa = XCBuildConfiguration;
			buildSettings = {
				ASSETCATALOG_COMPILER_APPICON_NAME = AppIcon;
				INFOPLIST_FILE = WebViewCallBack/Info.plist;
				LD_RUNPATH_SEARCH_PATHS = "$(inherited) @executable_path/Frameworks";
				PRODUCT_BUNDLE_IDENTIFIER = "O-mkar.com.WebViewCallBack";
				PRODUCT_NAME = "$(TARGET_NAME)";
			};
			name = Release;
		};
/* End XCBuildConfiguration section */

/* Begin XCConfigurationList section */
		FA8EEDB41D9165360066B52A /* Build configuration list for PBXProject "WebViewCallBack" */ = {
			isa = XCConfigurationList;
			buildConfigurations = (
				FA8EEDCC1D9165370066B52A /* Debug */,
				FA8EEDCD1D9165370066B52A /* Release */,
			);
			defaultConfigurationIsVisible = 0;
			defaultConfigurationName = Release;
		};
		FA8EEDCE1D9165370066B52A /* Build configuration list for PBXNativeTarget "WebViewCallBack" */ = {
			isa = XCConfigurationList;
			buildConfigurations = (
				FA8EEDCF1D9165370066B52A /* Debug */,
				FA8EEDD01D9165370066B52A /* Release */,
			);
			defaultConfigurationIsVisible = 0;
		};
/* End XCConfigurationList section */

/* Begin XCVersionGroup section */
		FA8EEDC31D9165370066B52A /* WebViewCallBack.xcdatamodeld */ = {
			isa = XCVersionGroup;
			children = (
				FA8EEDC41D9165370066B52A /* WebViewCallBack.xcdatamodel */,
			);
			currentVersion = FA8EEDC41D9165370066B52A /* WebViewCallBack.xcdatamodel */;
			path = WebViewCallBack.xcdatamodeld;
			sourceTree = "<group>";
			versionGroupType = wrapper.xcdatamodel;
		};
/* End XCVersionGroup section */
	};
	rootObject = FA8EEDB11D9165360066B52A /* Project object */;
}
